
Microsoft Visual Studio Solution File, Format Version 12.00
# Visual Studio 2013
VisualStudioVersion = 12.0.21005.1
MinimumVisualStudioVersion = 10.0.40219.1
Project("{FAE04EC0-301F-11D3-BF4B-00C04F79EFBC}") = "PalindromeChainLength", "PalindromeChainLength\PalindromeChainLength.csproj", "{1031BAB4-3A4A-4834-A4F8-F08786F7B8B6}"
EndProject
Project("{FAE04EC0-301F-11D3-BF4B-00C04F79EFBC}") = "PalindromeChainLengthTests", "PalindromeChainLengthTests\PalindromeChainLengthTests.csproj", "{7DC7C965-24C5-4CA0-9569-E268325DB95A}"
EndProject
Global
	GlobalSection(SolutionConfigurationPlatforms) = preSolution
		Debug|Any CPU = Debug|Any CPU
		Release|Any CPU = Release|Any CPU
	EndGlobalSection
	GlobalSection(ProjectConfigurationPlatforms) = postSolution
		{1031BAB4-3A4A-4834-A4F8-F08786F7B8B6}.Debug|Any CPU.ActiveCfg = Debug|Any CPU
		{1031BAB4-3A4A-4834-A4F8-F08786F7B8B6}.Debug|Any CPU.Build.0 = Debug|Any CPU
		{1031BAB4-3A4A-4834-A4F8-F08786F7B8B6}.Release|Any CPU.ActiveCfg = Release|Any CPU
		{1031BAB4-3A4A-4834-A4F8-F08786F7B8B6}.Release|Any CPU.Build.0 = Release|Any CPU
		{7DC7C965-24C5-4CA0-9569-E268325DB95A}.Debug|Any CPU.ActiveCfg = Debug|Any CPU
		{7DC7C965-24C5-4CA0-9569-E268325DB95A}.Debug|Any CPU.Build.0 = Debug|Any CPU
		{7DC7C965-24C5-4CA0-9569-E268325DB95A}.Release|Any CPU.ActiveCfg = Release|Any CPU
		{7DC7C965-24C5-4CA0-9569-E268325DB95A}.Release|Any CPU.Build.0 = Release|Any CPU
	EndGlobalSection
	GlobalSection(SolutionProperties) = preSolution
		HideSolutionNode = FALSE
	EndGlobalSection
EndGlobal
